SITE
  remote: http://community.opscode.com/api/v1
  specs:
    apt (1.9.0)
    ark (0.1.0)
    aws (0.100.6)
    build-essential (1.3.4)
    chef_handler (1.1.4)
    database (1.3.12)
      aws (>= 0.0.0)
      mysql (>= 1.3.0)
      postgresql (>= 1.0.0)
      xfs (>= 0.0.0)
    dmg (1.1.0)
    elasticsearch (0.2.5)
      ark (>= 0.0.0)
    git (2.3.0)
      build-essential (>= 0.0.0)
      dmg (>= 0.0.0)
      runit (~> 1.0)
      windows (>= 0.0.0)
      yum (>= 0.0.0)
    java (1.9.6)
      windows (>= 0.0.0)
    lvm (0.8.6)
    mongodb (0.11.0)
      apt (>= 0.0.0)
    mysql (2.1.2)
      build-essential (>= 0.0.0)
      openssl (>= 0.0.0)
    nginx (1.4.0)
      apt (>= 0.0.0)
      build-essential (>= 0.0.0)
      ohai (>= 1.1.4)
      yum (>= 0.0.0)
    ntp (1.3.2)
    ohai (1.1.8)
    openssl (1.0.2)
    postgresql (2.2.2)
      openssl (>= 0.0.0)
    runit (1.1.0)
      build-essential (>= 0.0.0)
    sudo (2.0.4)
    ubuntu (1.1.2)
      apt (>= 0.0.0)
    vslinko (0.0.0)
      git (>= 0.0.0)
      sudo (>= 0.0.0)
      zsh (>= 0.0.0)
    windows (1.8.4)
      chef_handler (>= 0.0.0)
    xfs (1.1.0)
    yum (2.1.0)
    zsh (1.0.0)

GIT
  remote: https://github.com/rithis/cookbook-libvirt
  ref: master
  sha: 1afedecfa3d5b213cfe421429b0540b77dbb7f44
  specs:
    libvirt (0.0.0)

PATH
  remote: skveez/database
  specs:
    skveez_database (0.0.0)
      database (>= 0.0.0)
      mysql (>= 0.0.0)

PATH
  remote: skveez/host
  specs:
    skveez_host (0.0.1)
      libvirt (>= 0.0.0)
      lvm (>= 0.0.0)
      nginx (>= 0.0.0)

DEPENDENCIES
  apt (>= 0)
  elasticsearch (>= 0)
  java (>= 0)
  libvirt (>= 0)
  mongodb (>= 0)
  ntp (>= 0)
  skveez_database (>= 0)
  skveez_host (>= 0)
  ubuntu (>= 0)
  vslinko (>= 0)

